// !$*UTF8*$!
{
	archiveVersion = 1;
	classes = {
	};
	objectVersion = 45;
	objects = {

/* Begin PBXBuildFile section */
		15B7BD8E0F9C606500EF9AB9 /* L0LogEnabling.h in Headers */ = {isa = PBXBuildFile; fileRef = 15B7BD8C0F9C606500EF9AB9 /* L0LogEnabling.h */; };
		15B7BD8F0F9C606500EF9AB9 /* L0LogEnabling.c in Sources */ = {isa = PBXBuildFile; fileRef = 15B7BD8D0F9C606500EF9AB9 /* L0LogEnabling.c */; };
		15B7BD960F9C618300EF9AB9 /* L0Printf.h in Headers */ = {isa = PBXBuildFile; fileRef = 15B7BD940F9C618300EF9AB9 /* L0Printf.h */; };
		15B7BD970F9C618300EF9AB9 /* L0Printf.c in Sources */ = {isa = PBXBuildFile; fileRef = 15B7BD950F9C618300EF9AB9 /* L0Printf.c */; };
		15B7BE290F9C6DA500EF9AB9 /* L0Log.h in Headers */ = {isa = PBXBuildFile; fileRef = 15B7BE270F9C6DA500EF9AB9 /* L0Log.h */; };
		15B7BE2A0F9C6DA500EF9AB9 /* L0Log.m in Sources */ = {isa = PBXBuildFile; fileRef = 15B7BE280F9C6DA500EF9AB9 /* L0Log.m */; };
		15B7BEF20F9C748E00EF9AB9 /* L0LogEnabling.h in Headers */ = {isa = PBXBuildFile; fileRef = 15B7BD8C0F9C606500EF9AB9 /* L0LogEnabling.h */; };
		15B7BEF30F9C748E00EF9AB9 /* L0Printf.h in Headers */ = {isa = PBXBuildFile; fileRef = 15B7BD940F9C618300EF9AB9 /* L0Printf.h */; };
		15B7BEF40F9C748E00EF9AB9 /* L0Log.h in Headers */ = {isa = PBXBuildFile; fileRef = 15B7BE270F9C6DA500EF9AB9 /* L0Log.h */; };
		15B7BEF50F9C749800EF9AB9 /* L0LogEnabling.c in Sources */ = {isa = PBXBuildFile; fileRef = 15B7BD8D0F9C606500EF9AB9 /* L0LogEnabling.c */; };
		15B7BEF60F9C749800EF9AB9 /* L0Printf.c in Sources */ = {isa = PBXBuildFile; fileRef = 15B7BD950F9C618300EF9AB9 /* L0Printf.c */; };
		15B7BEF70F9C749800EF9AB9 /* L0Log.m in Sources */ = {isa = PBXBuildFile; fileRef = 15B7BE280F9C6DA500EF9AB9 /* L0Log.m */; };
		15B7BEF90F9C74B600EF9AB9 /* Foundation.framework in Frameworks */ = {isa = PBXBuildFile; fileRef = 15B7BEF80F9C74B600EF9AB9 /* Foundation.framework */; };
		15B7BF1D0F9C75CC00EF9AB9 /* L0LogEnabling.h in Copy Headers To Products Directory */ = {isa = PBXBuildFile; fileRef = 15B7BD8C0F9C606500EF9AB9 /* L0LogEnabling.h */; };
		15B7BF1E0F9C75CC00EF9AB9 /* L0Printf.h in Copy Headers To Products Directory */ = {isa = PBXBuildFile; fileRef = 15B7BD940F9C618300EF9AB9 /* L0Printf.h */; };
		15B7BF1F0F9C75CC00EF9AB9 /* L0Log.h in Copy Headers To Products Directory */ = {isa = PBXBuildFile; fileRef = 15B7BE270F9C6DA500EF9AB9 /* L0Log.h */; };
		8DC2EF530486A6940098B216 /* InfoPlist.strings in Resources */ = {isa = PBXBuildFile; fileRef = 089C1666FE841158C02AAC07 /* InfoPlist.strings */; };
		8DC2EF570486A6940098B216 /* Cocoa.framework in Frameworks */ = {isa = PBXBuildFile; fileRef = 1058C7B1FEA5585E11CA2CBB /* Cocoa.framework */; };
/* End PBXBuildFile section */

/* Begin PBXCopyFilesBuildPhase section */
		15B7BF190F9C75AA00EF9AB9 /* Copy Headers To Products Directory */ = {
			isa = PBXCopyFilesBuildPhase;
			buildActionMask = 2147483647;
			dstPath = "$(SYMROOT)/Headers/L0Log";
			dstSubfolderSpec = 0;
			files = (
				15B7BF1D0F9C75CC00EF9AB9 /* L0LogEnabling.h in Copy Headers To Products Directory */,
				15B7BF1E0F9C75CC00EF9AB9 /* L0Printf.h in Copy Headers To Products Directory */,
				15B7BF1F0F9C75CC00EF9AB9 /* L0Log.h in Copy Headers To Products Directory */,
			);
			name = "Copy Headers To Products Directory";
			runOnlyForDeploymentPostprocessing = 0;
		};
/* End PBXCopyFilesBuildPhase section */

/* Begin PBXFileReference section */
		0867D69BFE84028FC02AAC07 /* Foundation.framework */ = {isa = PBXFileReference; lastKnownFileType = wrapper.framework; name = Foundation.framework; path = /System/Library/Frameworks/Foundation.framework; sourceTree = "<absolute>"; };
		0867D6A5FE840307C02AAC07 /* AppKit.framework */ = {isa = PBXFileReference; lastKnownFileType = wrapper.framework; name = AppKit.framework; path = /System/Library/Frameworks/AppKit.framework; sourceTree = "<absolute>"; };
		089C1667FE841158C02AAC07 /* English */ = {isa = PBXFileReference; fileEncoding = 10; lastKnownFileType = text.plist.strings; name = English; path = English.lproj/InfoPlist.strings; sourceTree = "<group>"; };
		1058C7B1FEA5585E11CA2CBB /* Cocoa.framework */ = {isa = PBXFileReference; lastKnownFileType = wrapper.framework; name = Cocoa.framework; path = /System/Library/Frameworks/Cocoa.framework; sourceTree = "<absolute>"; };
		15B7BD8C0F9C606500EF9AB9 /* L0LogEnabling.h */ = {isa = PBXFileReference; fileEncoding = 4; lastKnownFileType = sourcecode.c.h; path = L0LogEnabling.h; sourceTree = "<group>"; };
		15B7BD8D0F9C606500EF9AB9 /* L0LogEnabling.c */ = {isa = PBXFileReference; fileEncoding = 4; lastKnownFileType = sourcecode.c.c; path = L0LogEnabling.c; sourceTree = "<group>"; };
		15B7BD940F9C618300EF9AB9 /* L0Printf.h */ = {isa = PBXFileReference; fileEncoding = 4; lastKnownFileType = sourcecode.c.h; path = L0Printf.h; sourceTree = "<group>"; };
		15B7BD950F9C618300EF9AB9 /* L0Printf.c */ = {isa = PBXFileReference; fileEncoding = 4; lastKnownFileType = sourcecode.c.c; path = L0Printf.c; sourceTree = "<group>"; };
		15B7BE270F9C6DA500EF9AB9 /* L0Log.h */ = {isa = PBXFileReference; fileEncoding = 4; lastKnownFileType = sourcecode.c.h; path = L0Log.h; sourceTree = "<group>"; };
		15B7BE280F9C6DA500EF9AB9 /* L0Log.m */ = {isa = PBXFileReference; fileEncoding = 4; lastKnownFileType = sourcecode.c.objc; path = L0Log.m; sourceTree = "<group>"; };
		15B7BEE50F9C744100EF9AB9 /* libLogging-iPhone.a */ = {isa = PBXFileReference; explicitFileType = archive.ar; includeInIndex = 0; path = "libLogging-iPhone.a"; sourceTree = BUILT_PRODUCTS_DIR; };
		15B7BEF80F9C74B600EF9AB9 /* Foundation.framework */ = {isa = PBXFileReference; lastKnownFileType = wrapper.framework; name = Foundation.framework; path = System/Library/Frameworks/Foundation.framework; sourceTree = SDKROOT; };
		15E592D10FA64B4B004D9495 /* Logging-iPhone.xcconfig */ = {isa = PBXFileReference; fileEncoding = 4; lastKnownFileType = text.xcconfig; path = "Logging-iPhone.xcconfig"; sourceTree = "<group>"; };
		15E592D50FA64B93004D9495 /* Logging-Common.xcconfig */ = {isa = PBXFileReference; fileEncoding = 4; lastKnownFileType = text.xcconfig; path = "Logging-Common.xcconfig"; sourceTree = "<group>"; };
		15E592D70FA64BCD004D9495 /* Logging.xcconfig */ = {isa = PBXFileReference; fileEncoding = 4; lastKnownFileType = text.xcconfig; path = Logging.xcconfig; sourceTree = "<group>"; };
		32DBCF5E0370ADEE00C91783 /* Logging_Prefix.pch */ = {isa = PBXFileReference; fileEncoding = 4; lastKnownFileType = sourcecode.c.h; path = Logging_Prefix.pch; sourceTree = "<group>"; };
		8DC2EF5A0486A6940098B216 /* Info.plist */ = {isa = PBXFileReference; fileEncoding = 4; lastKnownFileType = text.plist.xml; path = Info.plist; sourceTree = "<group>"; };
		8DC2EF5B0486A6940098B216 /* Logging */ = {isa = PBXFileReference; includeInIndex = 0; lastKnownFileType = wrapper.framework; path = Logging; sourceTree = BUILT_PRODUCTS_DIR; };
		D2F7E79907B2D74100F64583 /* CoreData.framework */ = {isa = PBXFileReference; lastKnownFileType = wrapper.framework; name = CoreData.framework; path = /System/Library/Frameworks/CoreData.framework; sourceTree = "<absolute>"; };
/* End PBXFileReference section */

/* Begin PBXFrameworksBuildPhase section */
		15B7BEE30F9C744100EF9AB9 /* Frameworks */ = {
			isa = PBXFrameworksBuildPhase;
			buildActionMask = 2147483647;
			files = (
				15B7BEF90F9C74B600EF9AB9 /* Foundation.framework in Frameworks */,
			);
			runOnlyForDeploymentPostprocessing = 0;
		};
		8DC2EF560486A6940098B216 /* Frameworks */ = {
			isa = PBXFrameworksBuildPhase;
			buildActionMask = 2147483647;
			files = (
				8DC2EF570486A6940098B216 /* Cocoa.framework in Frameworks */,
			);
			runOnlyForDeploymentPostprocessing = 0;
		};
/* End PBXFrameworksBuildPhase section */

/* Begin PBXGroup section */
		034768DFFF38A50411DB9C8B /* Products */ = {
			isa = PBXGroup;
			children = (
				8DC2EF5B0486A6940098B216 /* Logging */,
				15B7BEE50F9C744100EF9AB9 /* libLogging-iPhone.a */,
			);
			name = Products;
			sourceTree = "<group>";
		};
		0867D691FE84028FC02AAC07 /* Logging */ = {
			isa = PBXGroup;
			children = (
				15E592CB0FA64B28004D9495 /* Configuration Files */,
				08FB77AEFE84172EC02AAC07 /* Classes */,
				32C88DFF0371C24200C91783 /* Other Sources */,
				089C1665FE841158C02AAC07 /* Resources */,
				0867D69AFE84028FC02AAC07 /* External Frameworks and Libraries */,
				034768DFFF38A50411DB9C8B /* Products */,
				15B7BEF80F9C74B600EF9AB9 /* Foundation.framework */,
			);
			name = Logging;
			sourceTree = "<group>";
		};
		0867D69AFE84028FC02AAC07 /* External Frameworks and Libraries */ = {
			isa = PBXGroup;
			children = (
				1058C7B0FEA5585E11CA2CBB /* Linked Frameworks */,
				1058C7B2FEA5585E11CA2CBB /* Other Frameworks */,
			);
			name = "External Frameworks and Libraries";
			sourceTree = "<group>";
		};
		089C1665FE841158C02AAC07 /* Resources */ = {
			isa = PBXGroup;
			children = (
				8DC2EF5A0486A6940098B216 /* Info.plist */,
				089C1666FE841158C02AAC07 /* InfoPlist.strings */,
			);
			name = Resources;
			sourceTree = "<group>";
		};
		08FB77AEFE84172EC02AAC07 /* Classes */ = {
			isa = PBXGroup;
			children = (
				15B7BD8C0F9C606500EF9AB9 /* L0LogEnabling.h */,
				15B7BD8D0F9C606500EF9AB9 /* L0LogEnabling.c */,
				15B7BD940F9C618300EF9AB9 /* L0Printf.h */,
				15B7BD950F9C618300EF9AB9 /* L0Printf.c */,
				15B7BE270F9C6DA500EF9AB9 /* L0Log.h */,
				15B7BE280F9C6DA500EF9AB9 /* L0Log.m */,
			);
			name = Classes;
			sourceTree = "<group>";
		};
		1058C7B0FEA5585E11CA2CBB /* Linked Frameworks */ = {
			isa = PBXGroup;
			children = (
				1058C7B1FEA5585E11CA2CBB /* Cocoa.framework */,
			);
			name = "Linked Frameworks";
			sourceTree = "<group>";
		};
		1058C7B2FEA5585E11CA2CBB /* Other Frameworks */ = {
			isa = PBXGroup;
			children = (
				0867D6A5FE840307C02AAC07 /* AppKit.framework */,
				D2F7E79907B2D74100F64583 /* CoreData.framework */,
				0867D69BFE84028FC02AAC07 /* Foundation.framework */,
			);
			name = "Other Frameworks";
			sourceTree = "<group>";
		};
		15E592CB0FA64B28004D9495 /* Configuration Files */ = {
			isa = PBXGroup;
			children = (
				15E592D10FA64B4B004D9495 /* Logging-iPhone.xcconfig */,
				15E592D70FA64BCD004D9495 /* Logging.xcconfig */,
				15E592D50FA64B93004D9495 /* Logging-Common.xcconfig */,
			);
			name = "Configuration Files";
			sourceTree = "<group>";
		};
		32C88DFF0371C24200C91783 /* Other Sources */ = {
			isa = PBXGroup;
			children = (
				32DBCF5E0370ADEE00C91783 /* Logging_Prefix.pch */,
			);
			name = "Other Sources";
			sourceTree = "<group>";
		};
/* End PBXGroup section */

/* Begin PBXHeadersBuildPhase section */
		15B7BEE10F9C744100EF9AB9 /* Headers */ = {
			isa = PBXHeadersBuildPhase;
			buildActionMask = 2147483647;
			files = (
				15B7BEF20F9C748E00EF9AB9 /* L0LogEnabling.h in Headers */,
				15B7BEF30F9C748E00EF9AB9 /* L0Printf.h in Headers */,
				15B7BEF40F9C748E00EF9AB9 /* L0Log.h in Headers */,
			);
			runOnlyForDeploymentPostprocessing = 0;
		};
		8DC2EF500486A6940098B216 /* Headers */ = {
			isa = PBXHeadersBuildPhase;
			buildActionMask = 2147483647;
			files = (
				15B7BD8E0F9C606500EF9AB9 /* L0LogEnabling.h in Headers */,
				15B7BD960F9C618300EF9AB9 /* L0Printf.h in Headers */,
				15B7BE290F9C6DA500EF9AB9 /* L0Log.h in Headers */,
			);
			runOnlyForDeploymentPostprocessing = 0;
		};
/* End PBXHeadersBuildPhase section */

/* Begin PBXNativeTarget section */
		15B7BEE40F9C744100EF9AB9 /* Logging (iPhone) */ = {
			isa = PBXNativeTarget;
			buildConfigurationList = 15B7BEEF0F9C746000EF9AB9 /* Build configuration list for PBXNativeTarget "Logging (iPhone)" */;
			buildPhases = (
				15B7BEE10F9C744100EF9AB9 /* Headers */,
				15B7BEE20F9C744100EF9AB9 /* Sources */,
				15B7BEE30F9C744100EF9AB9 /* Frameworks */,
				15B7BF190F9C75AA00EF9AB9 /* Copy Headers To Products Directory */,
			);
			buildRules = (
			);
			dependencies = (
			);
			name = "Logging (iPhone)";
			productName = "Logging-iPhone";
			productReference = 15B7BEE50F9C744100EF9AB9 /* libLogging-iPhone.a */;
			productType = "com.apple.product-type.library.static";
		};
		8DC2EF4F0486A6940098B216 /* Logging */ = {
			isa = PBXNativeTarget;
			buildConfigurationList = 1DEB91AD08733DA50010E9CD /* Build configuration list for PBXNativeTarget "Logging" */;
			buildPhases = (
				8DC2EF500486A6940098B216 /* Headers */,
				8DC2EF520486A6940098B216 /* Resources */,
				8DC2EF540486A6940098B216 /* Sources */,
				8DC2EF560486A6940098B216 /* Frameworks */,
			);
			buildRules = (
			);
			dependencies = (
			);
			name = Logging;
			productInstallPath = "$(HOME)/Library/Frameworks";
			productName = Logging;
			productReference = 8DC2EF5B0486A6940098B216 /* Logging */;
			productType = "com.apple.product-type.framework";
		};
/* End PBXNativeTarget section */

/* Begin PBXProject section */
		0867D690FE84028FC02AAC07 /* Project object */ = {
			isa = PBXProject;
			buildConfigurationList = 1DEB91B108733DA50010E9CD /* Build configuration list for PBXProject "Logging" */;
			compatibilityVersion = "Xcode 3.1";
			hasScannedForEncodings = 1;
			mainGroup = 0867D691FE84028FC02AAC07 /* Logging */;
			productRefGroup = 034768DFFF38A50411DB9C8B /* Products */;
			projectDirPath = "";
			projectRoot = "";
			targets = (
				8DC2EF4F0486A6940098B216 /* Logging */,
				15B7BEE40F9C744100EF9AB9 /* Logging (iPhone) */,
			);
		};
/* End PBXProject section */

/* Begin PBXResourcesBuildPhase section */
		8DC2EF520486A6940098B216 /* Resources */ = {
			isa = PBXResourcesBuildPhase;
			buildActionMask = 2147483647;
			files = (
				8DC2EF530486A6940098B216 /* InfoPlist.strings in Resources */,
			);
			runOnlyForDeploymentPostprocessing = 0;
		};
/* End PBXResourcesBuildPhase section */

/* Begin PBXSourcesBuildPhase section */
		15B7BEE20F9C744100EF9AB9 /* Sources */ = {
			isa = PBXSourcesBuildPhase;
			buildActionMask = 2147483647;
			files = (
				15B7BEF50F9C749800EF9AB9 /* L0LogEnabling.c in Sources */,
				15B7BEF60F9C749800EF9AB9 /* L0Printf.c in Sources */,
				15B7BEF70F9C749800EF9AB9 /* L0Log.m in Sources */,
			);
			runOnlyForDeploymentPostprocessing = 0;
		};
		8DC2EF540486A6940098B216 /* Sources */ = {
			isa = PBXSourcesBuildPhase;
			buildActionMask = 2147483647;
			files = (
				15B7BD8F0F9C606500EF9AB9 /* L0LogEnabling.c in Sources */,
				15B7BD970F9C618300EF9AB9 /* L0Printf.c in Sources */,
				15B7BE2A0F9C6DA500EF9AB9 /* L0Log.m in Sources */,
			);
			runOnlyForDeploymentPostprocessing = 0;
		};
/* End PBXSourcesBuildPhase section */

/* Begin PBXVariantGroup section */
		089C1666FE841158C02AAC07 /* InfoPlist.strings */ = {
			isa = PBXVariantGroup;
			children = (
				089C1667FE841158C02AAC07 /* English */,
			);
			name = InfoPlist.strings;
			sourceTree = "<group>";
		};
/* End PBXVariantGroup section */

/* Begin XCBuildConfiguration section */
		15B7BEE60F9C744200EF9AB9 /* Debug */ = {
			isa = XCBuildConfiguration;
			baseConfigurationReference = 15E592D10FA64B4B004D9495 /* Logging-iPhone.xcconfig */;
			buildSettings = {
				ALWAYS_SEARCH_USER_PATHS = NO;
				COPY_PHASE_STRIP = NO;
				GCC_DYNAMIC_NO_PIC = NO;
				GCC_OPTIMIZATION_LEVEL = 0;
				PREBINDING = NO;
				PRODUCT_NAME = "Logging-iPhone";
				SDKROOT = iphoneos2.2;
			};
			name = Debug;
		};
		15B7BEE70F9C744200EF9AB9 /* Release */ = {
			isa = XCBuildConfiguration;
			baseConfigurationReference = 15E592D10FA64B4B004D9495 /* Logging-iPhone.xcconfig */;
			buildSettings = {
				ALWAYS_SEARCH_USER_PATHS = NO;
				COPY_PHASE_STRIP = YES;
				DEBUG_INFORMATION_FORMAT = "dwarf-with-dsym";
				GCC_ENABLE_FIX_AND_CONTINUE = NO;
				PREBINDING = NO;
				PRODUCT_NAME = "Logging-iPhone";
				SDKROOT = iphoneos2.2;
				ZERO_LINK = NO;
			};
			name = Release;
		};
		1DEB91AE08733DA50010E9CD /* Debug */ = {
			isa = XCBuildConfiguration;
			baseConfigurationReference = 15E592D70FA64BCD004D9495 /* Logging.xcconfig */;
			buildSettings = {
				ALWAYS_SEARCH_USER_PATHS = NO;
				COPY_PHASE_STRIP = NO;
				DYLIB_COMPATIBILITY_VERSION = 1;
				DYLIB_CURRENT_VERSION = 1;
				FRAMEWORK_VERSION = A;
				GCC_DYNAMIC_NO_PIC = NO;
				GCC_ENABLE_FIX_AND_CONTINUE = YES;
				GCC_MODEL_TUNING = G5;
				GCC_OPTIMIZATION_LEVEL = 0;
				GCC_PRECOMPILE_PREFIX_HEADER = YES;
				INFOPLIST_FILE = Info.plist;
				INSTALL_PATH = "$(HOME)/Library/Frameworks";
				PRODUCT_NAME = Logging;
				WRAPPER_EXTENSION = framework;
			};
			name = Debug;
		};
		1DEB91AF08733DA50010E9CD /* Release */ = {
			isa = XCBuildConfiguration;
			baseConfigurationReference = 15E592D70FA64BCD004D9495 /* Logging.xcconfig */;
			buildSettings = {
				ALWAYS_SEARCH_USER_PATHS = NO;
				DEBUG_INFORMATION_FORMAT = "dwarf-with-dsym";
				DYLIB_COMPATIBILITY_VERSION = 1;
				DYLIB_CURRENT_VERSION = 1;
				FRAMEWORK_VERSION = A;
				GCC_MODEL_TUNING = G5;
				GCC_PRECOMPILE_PREFIX_HEADER = YES;
				INFOPLIST_FILE = Info.plist;
				INSTALL_PATH = "$(HOME)/Library/Frameworks";
				PRODUCT_NAME = Logging;
				WRAPPER_EXTENSION = framework;
			};
			name = Release;
		};
		1DEB91B208733DA50010E9CD /* Debug */ = {
			isa = XCBuildConfiguration;
			buildSettings = {
				ARCHS = "$(ARCHS_STANDARD_32_BIT)";
				GCC_C_LANGUAGE_STANDARD = c99;
				GCC_OPTIMIZATION_LEVEL = 0;
				GCC_WARN_ABOUT_RETURN_TYPE = YES;
				GCC_WARN_UNUSED_VARIABLE = YES;
				ONLY_ACTIVE_ARCH = YES;
				PREBINDING = NO;
				SDKROOT = macosx10.5;
				SYMROOT = Build;
			};
			name = Debug;
		};
		1DEB91B308733DA50010E9CD /* Release */ = {
			isa = XCBuildConfiguration;
			buildSettings = {
				ARCHS = "$(ARCHS_STANDARD_32_BIT)";
				GCC_C_LANGUAGE_STANDARD = c99;
				GCC_WARN_ABOUT_RETURN_TYPE = YES;
				GCC_WARN_UNUSED_VARIABLE = YES;
				PREBINDING = NO;
				SDKROOT = macosx10.5;
				SYMROOT = Build;
			};
			name = Release;
		};
/* End XCBuildConfiguration section */

/* Begin XCConfigurationList section */
		15B7BEEF0F9C746000EF9AB9 /* Build configuration list for PBXNativeTarget "Logging (iPhone)" */ = {
			isa = XCConfigurationList;
			buildConfigurations = (
				15B7BEE60F9C744200EF9AB9 /* Debug */,
				15B7BEE70F9C744200EF9AB9 /* Release */,
			);
			defaultConfigurationIsVisible = 0;
			defaultConfigurationName = Release;
		};
		1DEB91AD08733DA50010E9CD /* Build configuration list for PBXNativeTarget "Logging" */ = {
			isa = XCConfigurationList;
			buildConfigurations = (
				1DEB91AE08733DA50010E9CD /* Debug */,
				1DEB91AF08733DA50010E9CD /* Release */,
			);
			defaultConfigurationIsVisible = 0;
			defaultConfigurationName = Release;
		};
		1DEB91B108733DA50010E9CD /* Build configuration list for PBXProject "Logging" */ = {
			isa = XCConfigurationList;
			buildConfigurations = (
				1DEB91B208733DA50010E9CD /* Debug */,
				1DEB91B308733DA50010E9CD /* Release */,
			);
			defaultConfigurationIsVisible = 0;
			defaultConfigurationName = Release;
		};
/* End XCConfigurationList section */
	};
	rootObject = 0867D690FE84028FC02AAC07 /* Project object */;
}
